
Microsoft Visual Studio Solution File, Format Version 12.00
# Visual Studio Version 16
VisualStudioVersion = 16.0.29911.84
MinimumVisualStudioVersion = 10.0.40219.1
Project("{FAE04EC0-301F-11D3-BF4B-00C04F79EFBC}") = "zadanie9", "zadanie9\zadanie9.csproj", "{16A28DD7-3982-4D62-B01B-E9227C3750EC}"
EndProject
Global
	GlobalSection(SolutionConfigurationPlatforms) = preSolution
		Debug|Any CPU = Debug|Any CPU
		Release|Any CPU = Release|Any CPU
	EndGlobalSection
	GlobalSection(ProjectConfigurationPlatforms) = postSolution
		{16A28DD7-3982-4D62-B01B-E9227C3750EC}.Debug|Any CPU.ActiveCfg = Debug|Any CPU
		{16A28DD7-3982-4D62-B01B-E9227C3750EC}.Debug|Any CPU.Build.0 = Debug|Any CPU
		{16A28DD7-3982-4D62-B01B-E9227C3750EC}.Release|Any CPU.ActiveCfg = Release|Any CPU
		{16A28DD7-3982-4D62-B01B-E9227C3750EC}.Release|Any CPU.Build.0 = Release|Any CPU
	EndGlobalSection
	GlobalSection(SolutionProperties) = preSolution
		HideSolutionNode = FALSE
	EndGlobalSection
	GlobalSection(ExtensibilityGlobals) = postSolution
		SolutionGuid = {407AC31C-E280-4BCD-BB55-21290F912239}
	EndGlobalSection
EndGlobal
